
Microsoft Visual Studio Solution File, Format Version 12.00
# Visual Studio 15
VisualStudioVersion = 15.0.27703.2035
MinimumVisualStudioVersion = 10.0.40219.1
Project("{2150E333-8FDC-42A3-9474-1A3956D46DE8}") = "00 - Presentation", "00 - Presentation", "{47DFC1EE-B0A7-41C4-8C8F-CB4C08BA2159}"
EndProject
Project("{2150E333-8FDC-42A3-9474-1A3956D46DE8}") = "01 - Application", "01 - Application", "{1975CF01-AF48-4C54-AC21-102F39013778}"
EndProject
Project("{2150E333-8FDC-42A3-9474-1A3956D46DE8}") = "02 - Domain", "02 - Domain", "{65D3ACFE-7F6D-4720-A267-1A45C2187778}"
EndProject
Project("{2150E333-8FDC-42A3-9474-1A3956D46DE8}") = "03 - Infra", "03 - Infra", "{434F4AC3-EF50-4834-A608-60B1F489D26F}"
EndProject
Project("{2150E333-8FDC-42A3-9474-1A3956D46DE8}") = "04 - CrossCutting", "04 - CrossCutting", "{6C5F85CE-8828-45B0-815B-56A71EE2DB01}"
EndProject
Project("{9A19103F-16F7-4668-BE54-9A1E7A4F7556}") = "IR.Domain", "IR.Domain\IR.Domain.csproj", "{32E02D2B-C8AC-4347-89BC-458B89E28F9A}"
EndProject
Project("{9A19103F-16F7-4668-BE54-9A1E7A4F7556}") = "IR.Command", "IR.Command\IR.Command.csproj", "{F1175CE2-8CBD-457E-B7A7-F59C22A0B870}"
EndProject
Project("{9A19103F-16F7-4668-BE54-9A1E7A4F7556}") = "IR.Service", "IR.Service\IR.Service.csproj", "{5DCBA588-9088-4672-94FF-7411F5C030FA}"
EndProject
Project("{9A19103F-16F7-4668-BE54-9A1E7A4F7556}") = "IR.Data.EFCore", "IR.Data.EFCore\IR.Data.EFCore.csproj", "{69FEAA69-C4DB-4AB7-82AE-D5238D91DF03}"
EndProject
Project("{9A19103F-16F7-4668-BE54-9A1E7A4F7556}") = "IR.Utils", "IR.Utils\IR.Utils.csproj", "{FA09BC76-1EBC-4672-8988-40871827099D}"
EndProject
Project("{9A19103F-16F7-4668-BE54-9A1E7A4F7556}") = "IR.Site", "IR.Site\IR.Site.csproj", "{D2B90D2E-520C-4D70-AD6F-F26228F29360}"
EndProject
Project("{9A19103F-16F7-4668-BE54-9A1E7A4F7556}") = "IR.IoC", "IR.IoC\IR.IoC.csproj", "{6664F7D4-B5B4-40C8-8752-A4B5C1E0608D}"
EndProject
Project("{9A19103F-16F7-4668-BE54-9A1E7A4F7556}") = "IR.Domain.Test", "IR.Domain.Test\IR.Domain.Test.csproj", "{CD5BFB5B-6C81-4D40-8B07-CE8FE307B030}"
EndProject
Project("{9A19103F-16F7-4668-BE54-9A1E7A4F7556}") = "IR.Service.Test", "IR.Service.Test\IR.Service.Test.csproj", "{4FC8E677-153B-46EA-8989-64938CC319E1}"
EndProject
Project("{9A19103F-16F7-4668-BE54-9A1E7A4F7556}") = "IR.Command.Test", "IR.Command.Test\IR.Command.Test.csproj", "{95035A9B-25F1-43F8-A894-E6BFDEE62A29}"
EndProject
Global
	GlobalSection(SolutionConfigurationPlatforms) = preSolution
		Debug|Any CPU = Debug|Any CPU
		Release|Any CPU = Release|Any CPU
	EndGlobalSection
	GlobalSection(ProjectConfigurationPlatforms) = postSolution
		{32E02D2B-C8AC-4347-89BC-458B89E28F9A}.Debug|Any CPU.ActiveCfg = Debug|Any CPU
		{32E02D2B-C8AC-4347-89BC-458B89E28F9A}.Debug|Any CPU.Build.0 = Debug|Any CPU
		{32E02D2B-C8AC-4347-89BC-458B89E28F9A}.Release|Any CPU.ActiveCfg = Release|Any CPU
		{32E02D2B-C8AC-4347-89BC-458B89E28F9A}.Release|Any CPU.Build.0 = Release|Any CPU
		{F1175CE2-8CBD-457E-B7A7-F59C22A0B870}.Debug|Any CPU.ActiveCfg = Debug|Any CPU
		{F1175CE2-8CBD-457E-B7A7-F59C22A0B870}.Debug|Any CPU.Build.0 = Debug|Any CPU
		{F1175CE2-8CBD-457E-B7A7-F59C22A0B870}.Release|Any CPU.ActiveCfg = Release|Any CPU
		{F1175CE2-8CBD-457E-B7A7-F59C22A0B870}.Release|Any CPU.Build.0 = Release|Any CPU
		{5DCBA588-9088-4672-94FF-7411F5C030FA}.Debug|Any CPU.ActiveCfg = Debug|Any CPU
		{5DCBA588-9088-4672-94FF-7411F5C030FA}.Debug|Any CPU.Build.0 = Debug|Any CPU
		{5DCBA588-9088-4672-94FF-7411F5C030FA}.Release|Any CPU.ActiveCfg = Release|Any CPU
		{5DCBA588-9088-4672-94FF-7411F5C030FA}.Release|Any CPU.Build.0 = Release|Any CPU
		{69FEAA69-C4DB-4AB7-82AE-D5238D91DF03}.Debug|Any CPU.ActiveCfg = Debug|Any CPU
		{69FEAA69-C4DB-4AB7-82AE-D5238D91DF03}.Debug|Any CPU.Build.0 = Debug|Any CPU
		{69FEAA69-C4DB-4AB7-82AE-D5238D91DF03}.Release|Any CPU.ActiveCfg = Release|Any CPU
		{69FEAA69-C4DB-4AB7-82AE-D5238D91DF03}.Release|Any CPU.Build.0 = Release|Any CPU
		{FA09BC76-1EBC-4672-8988-40871827099D}.Debug|Any CPU.ActiveCfg = Debug|Any CPU
		{FA09BC76-1EBC-4672-8988-40871827099D}.Debug|Any CPU.Build.0 = Debug|Any CPU
		{FA09BC76-1EBC-4672-8988-40871827099D}.Release|Any CPU.ActiveCfg = Release|Any CPU
		{FA09BC76-1EBC-4672-8988-40871827099D}.Release|Any CPU.Build.0 = Release|Any CPU
		{D2B90D2E-520C-4D70-AD6F-F26228F29360}.Debug|Any CPU.ActiveCfg = Debug|Any CPU
		{D2B90D2E-520C-4D70-AD6F-F26228F29360}.Debug|Any CPU.Build.0 = Debug|Any CPU
		{D2B90D2E-520C-4D70-AD6F-F26228F29360}.Release|Any CPU.ActiveCfg = Release|Any CPU
		{D2B90D2E-520C-4D70-AD6F-F26228F29360}.Release|Any CPU.Build.0 = Release|Any CPU
		{6664F7D4-B5B4-40C8-8752-A4B5C1E0608D}.Debug|Any CPU.ActiveCfg = Debug|Any CPU
		{6664F7D4-B5B4-40C8-8752-A4B5C1E0608D}.Debug|Any CPU.Build.0 = Debug|Any CPU
		{6664F7D4-B5B4-40C8-8752-A4B5C1E0608D}.Release|Any CPU.ActiveCfg = Release|Any CPU
		{6664F7D4-B5B4-40C8-8752-A4B5C1E0608D}.Release|Any CPU.Build.0 = Release|Any CPU
		{CD5BFB5B-6C81-4D40-8B07-CE8FE307B030}.Debug|Any CPU.ActiveCfg = Debug|Any CPU
		{CD5BFB5B-6C81-4D40-8B07-CE8FE307B030}.Debug|Any CPU.Build.0 = Debug|Any CPU
		{CD5BFB5B-6C81-4D40-8B07-CE8FE307B030}.Release|Any CPU.ActiveCfg = Release|Any CPU
		{CD5BFB5B-6C81-4D40-8B07-CE8FE307B030}.Release|Any CPU.Build.0 = Release|Any CPU
		{4FC8E677-153B-46EA-8989-64938CC319E1}.Debug|Any CPU.ActiveCfg = Debug|Any CPU
		{4FC8E677-153B-46EA-8989-64938CC319E1}.Debug|Any CPU.Build.0 = Debug|Any CPU
		{4FC8E677-153B-46EA-8989-64938CC319E1}.Release|Any CPU.ActiveCfg = Release|Any CPU
		{4FC8E677-153B-46EA-8989-64938CC319E1}.Release|Any CPU.Build.0 = Release|Any CPU
		{95035A9B-25F1-43F8-A894-E6BFDEE62A29}.Debug|Any CPU.ActiveCfg = Debug|Any CPU
		{95035A9B-25F1-43F8-A894-E6BFDEE62A29}.Debug|Any CPU.Build.0 = Debug|Any CPU
		{95035A9B-25F1-43F8-A894-E6BFDEE62A29}.Release|Any CPU.ActiveCfg = Release|Any CPU
		{95035A9B-25F1-43F8-A894-E6BFDEE62A29}.Release|Any CPU.Build.0 = Release|Any CPU
	EndGlobalSection
	GlobalSection(SolutionProperties) = preSolution
		HideSolutionNode = FALSE
	EndGlobalSection
	GlobalSection(NestedProjects) = preSolution
		{32E02D2B-C8AC-4347-89BC-458B89E28F9A} = {65D3ACFE-7F6D-4720-A267-1A45C2187778}
		{F1175CE2-8CBD-457E-B7A7-F59C22A0B870} = {1975CF01-AF48-4C54-AC21-102F39013778}
		{5DCBA588-9088-4672-94FF-7411F5C030FA} = {1975CF01-AF48-4C54-AC21-102F39013778}
		{69FEAA69-C4DB-4AB7-82AE-D5238D91DF03} = {434F4AC3-EF50-4834-A608-60B1F489D26F}
		{FA09BC76-1EBC-4672-8988-40871827099D} = {6C5F85CE-8828-45B0-815B-56A71EE2DB01}
		{D2B90D2E-520C-4D70-AD6F-F26228F29360} = {47DFC1EE-B0A7-41C4-8C8F-CB4C08BA2159}
		{6664F7D4-B5B4-40C8-8752-A4B5C1E0608D} = {6C5F85CE-8828-45B0-815B-56A71EE2DB01}
		{CD5BFB5B-6C81-4D40-8B07-CE8FE307B030} = {65D3ACFE-7F6D-4720-A267-1A45C2187778}
		{4FC8E677-153B-46EA-8989-64938CC319E1} = {1975CF01-AF48-4C54-AC21-102F39013778}
		{95035A9B-25F1-43F8-A894-E6BFDEE62A29} = {1975CF01-AF48-4C54-AC21-102F39013778}
	EndGlobalSection
	GlobalSection(ExtensibilityGlobals) = postSolution
		SolutionGuid = {0C073752-ED83-40FE-956B-633301C114F8}
	EndGlobalSection
EndGlobal
